# This file is generated by running "yarn install" inside your project.
# Manual changes might be lost - proceed with caution!

__metadata:
  version: 6
  cacheKey: 8

"@redis/bloom@npm:1.2.0":
  version: 1.2.0
  resolution: "@redis/bloom@npm:1.2.0"
  peerDependencies:
    "@redis/client": ^1.0.0
  checksum: 8c214227287d6b278109098bca00afc601cf84f7da9c6c24f4fa7d3854b946170e5893aa86ed607ba017a4198231d570541c79931b98b6d50b262971022d1d6c
  languageName: node
  linkType: hard

"@redis/client@npm:1.5.9":
  version: 1.5.9
  resolution: "@redis/client@npm:1.5.9"
  dependencies:
    cluster-key-slot: 1.1.2
    generic-pool: 3.9.0
    yallist: 4.0.0
  checksum: 63ff34faca3ac076c76234901a47897a39bc971ab988508087d1513903b533620c54ee09a28f11b3d7b07464e239b6e756d76cc50694ed5b59418c514d2bf923
  languageName: node
  linkType: hard

"@redis/graph@npm:1.1.0":
  version: 1.1.0
  resolution: "@redis/graph@npm:1.1.0"
  peerDependencies:
    "@redis/client": ^1.0.0
  checksum: d3df807108a42929ed65269c691fe6ab7eda55de91318f02a22b2d637c1bfef8817fccd17025904f5a0be8cf1cea5941334ec9f10719336da5d8f1c54cd4997e
  languageName: node
  linkType: hard

"@redis/json@npm:1.0.4":
  version: 1.0.4
  resolution: "@redis/json@npm:1.0.4"
  peerDependencies:
    "@redis/client": ^1.0.0
  checksum: de07f9c37abed603dec352593eb69fc8a94475e7f86b4f65b9805394492d448a1e4181db74269d80eb9dba6f3ae8a41804204821db36bb801cd7c1e30ac7ec80
  languageName: node
  linkType: hard

"@redis/search@npm:1.1.3":
  version: 1.1.3
  resolution: "@redis/search@npm:1.1.3"
  peerDependencies:
    "@redis/client": ^1.0.0
  checksum: 5f82616d1a868ebaf6cce46a7b6f7f53f0e92a299958ccf6d3ea099687c2f309d586e0bec9f25aa5174301f8508b54ebbec8835c1642cdb67b8b4d2f81a15872
  languageName: node
  linkType: hard

"@redis/time-series@npm:1.0.5":
  version: 1.0.5
  resolution: "@redis/time-series@npm:1.0.5"
  peerDependencies:
    "@redis/client": ^1.0.0
  checksum: 6bbdb0b793dcbd13518aa60a09a980f953554e4c745bfacc1611baa8098f360e0378e8ee6b7faf600a67f1de83f4b68bbec6f95a0740faee6164c14be3a30752
  languageName: node
  linkType: hard

"@sinclair/typebox@npm:^0.31.15":
  version: 0.31.15
  resolution: "@sinclair/typebox@npm:0.31.15"
  checksum: 5dea8975a5a7b124252baf61c5a6871b1efc28f61550427335b0a3d522ff80db350fbda21c5a0dc69d5620ddfb9f38ccf492f0ec83b7478898f08b97d46ed387
  languageName: node
  linkType: hard

"@types/node@npm:^18.15.3":
  version: 18.17.17
  resolution: "@types/node@npm:18.17.17"
  checksum: ff28f347c77723780836f9bb2ffa6db0cd72490bfd7604397c03db31db34f1f2899e82f0aaf3e825efeb09c15bd94d076ea9aca19a1407e1b56cb4603318936c
  languageName: node
  linkType: hard

"@zatsunenomokou/redis-cache@workspace:.":
  version: 0.0.0-use.local
  resolution: "@zatsunenomokou/redis-cache@workspace:."
  dependencies:
    "@sinclair/typebox": ^0.31.15
    "@types/node": ^18.15.3
    redis: ^4.6.8
    typescript: ^5.2.2
  languageName: unknown
  linkType: soft

"cluster-key-slot@npm:1.1.2":
  version: 1.1.2
  resolution: "cluster-key-slot@npm:1.1.2"
  checksum: be0ad2d262502adc998597e83f9ded1b80f827f0452127c5a37b22dfca36bab8edf393f7b25bb626006fb9fb2436106939ede6d2d6ecf4229b96a47f27edd681
  languageName: node
  linkType: hard

"generic-pool@npm:3.9.0":
  version: 3.9.0
  resolution: "generic-pool@npm:3.9.0"
  checksum: 3d89e9b2018d2e3bbf44fec78c76b2b7d56d6a484237aa9daf6ff6eedb14b0899dadd703b5d810219baab2eb28e5128fb18b29e91e602deb2eccac14492d8ca8
  languageName: node
  linkType: hard

"redis@npm:^4.6.8":
  version: 4.6.8
  resolution: "redis@npm:4.6.8"
  dependencies:
    "@redis/bloom": 1.2.0
    "@redis/client": 1.5.9
    "@redis/graph": 1.1.0
    "@redis/json": 1.0.4
    "@redis/search": 1.1.3
    "@redis/time-series": 1.0.5
  checksum: 1626d0d739e5f2047824b77b472967af5938fba488a039bd0a5ad90814eb81cb29b7939e16adf0bc39b133165ec1bf147e4f944d0c54a2f9c32c8f004b015940
  languageName: node
  linkType: hard

"typescript@npm:^5.2.2":
  version: 5.2.2
  resolution: "typescript@npm:5.2.2"
  bin:
    tsc: bin/tsc
    tsserver: bin/tsserver
  checksum: 7912821dac4d962d315c36800fe387cdc0a6298dba7ec171b350b4a6e988b51d7b8f051317786db1094bd7431d526b648aba7da8236607febb26cf5b871d2d3c
  languageName: node
  linkType: hard

"typescript@patch:typescript@^5.2.2#~builtin<compat/typescript>":
  version: 5.2.2
  resolution: "typescript@patch:typescript@npm%3A5.2.2#~builtin<compat/typescript>::version=5.2.2&hash=f3b441"
  bin:
    tsc: bin/tsc
    tsserver: bin/tsserver
  checksum: 0f4da2f15e6f1245e49db15801dbee52f2bbfb267e1c39225afdab5afee1a72839cd86000e65ee9d7e4dfaff12239d28beaf5ee431357fcced15fb08583d72ca
  languageName: node
  linkType: hard

"yallist@npm:4.0.0":
  version: 4.0.0
  resolution: "yallist@npm:4.0.0"
  checksum: 343617202af32df2a15a3be36a5a8c0c8545208f3d3dfbc6bb7c3e3b7e8c6f8e7485432e4f3b88da3031a6e20afa7c711eded32ddfb122896ac5d914e75848d5
  languageName: node
  linkType: hard
